
Microsoft Visual Studio Solution File, Format Version 12.00
# Visual Studio Version 17
VisualStudioVersion = 17.3.32929.385
MinimumVisualStudioVersion = 10.0.40219.1
Project("{9A19103F-16F7-4668-BE54-9A1E7A4F7556}") = "CommunityEP.Web", "CommunityEP.Web\CommunityEP.Web.csproj", "{3552702E-B123-4DFF-B850-FBC6DB59F76F}"
EndProject
Project("{9A19103F-16F7-4668-BE54-9A1E7A4F7556}") = "CommunityEP.Api", "CommunityEP.Api\CommunityEP.Api.csproj", "{EAF23A52-8EC0-481B-8341-49F683F108DC}"
EndProject
Project("{2150E333-8FDC-42A3-9474-1A3956D46DE8}") = "Utilities", "Utilities", "{1AFD63B1-533E-4E2D-9E56-C76524C2F4BE}"
EndProject
Project("{FAE04EC0-301F-11D3-BF4B-00C04F79EFBC}") = "Models", "Models\Models.csproj", "{252AE503-45A2-4789-8CF1-E747D38F9439}"
EndProject
Project("{2150E333-8FDC-42A3-9474-1A3956D46DE8}") = "Repositories", "Repositories", "{A2A8109D-4B6B-412F-95AE-74B5F2DB8377}"
EndProject
Project("{FAE04EC0-301F-11D3-BF4B-00C04F79EFBC}") = "IRepository", "IRepository\IRepository.csproj", "{2C74FACB-1D71-4F89-B9BB-2C46C46BBDF8}"
EndProject
Project("{FAE04EC0-301F-11D3-BF4B-00C04F79EFBC}") = "Repository", "Repository\Repository.csproj", "{A6AA12C1-FE00-45A7-A5E3-8792A0857A6F}"
EndProject
Project("{2150E333-8FDC-42A3-9474-1A3956D46DE8}") = "Services", "Services", "{DD328372-BF6F-413C-AE5B-4D85E73116F8}"
EndProject
Project("{FAE04EC0-301F-11D3-BF4B-00C04F79EFBC}") = "IService", "IService\IService.csproj", "{0F2C279C-531D-4D0A-BDB8-D40364F5E550}"
EndProject
Project("{FAE04EC0-301F-11D3-BF4B-00C04F79EFBC}") = "Service", "Service\Service.csproj", "{28C049D0-0BE7-4D9D-B4DE-4E4AB9A41276}"
EndProject
Global
	GlobalSection(SolutionConfigurationPlatforms) = preSolution
		Debug|Any CPU = Debug|Any CPU
		Release|Any CPU = Release|Any CPU
	EndGlobalSection
	GlobalSection(ProjectConfigurationPlatforms) = postSolution
		{3552702E-B123-4DFF-B850-FBC6DB59F76F}.Debug|Any CPU.ActiveCfg = Debug|Any CPU
		{3552702E-B123-4DFF-B850-FBC6DB59F76F}.Debug|Any CPU.Build.0 = Debug|Any CPU
		{3552702E-B123-4DFF-B850-FBC6DB59F76F}.Release|Any CPU.ActiveCfg = Release|Any CPU
		{3552702E-B123-4DFF-B850-FBC6DB59F76F}.Release|Any CPU.Build.0 = Release|Any CPU
		{EAF23A52-8EC0-481B-8341-49F683F108DC}.Debug|Any CPU.ActiveCfg = Debug|Any CPU
		{EAF23A52-8EC0-481B-8341-49F683F108DC}.Debug|Any CPU.Build.0 = Debug|Any CPU
		{EAF23A52-8EC0-481B-8341-49F683F108DC}.Release|Any CPU.ActiveCfg = Release|Any CPU
		{EAF23A52-8EC0-481B-8341-49F683F108DC}.Release|Any CPU.Build.0 = Release|Any CPU
		{252AE503-45A2-4789-8CF1-E747D38F9439}.Debug|Any CPU.ActiveCfg = Debug|Any CPU
		{252AE503-45A2-4789-8CF1-E747D38F9439}.Debug|Any CPU.Build.0 = Debug|Any CPU
		{252AE503-45A2-4789-8CF1-E747D38F9439}.Release|Any CPU.ActiveCfg = Release|Any CPU
		{252AE503-45A2-4789-8CF1-E747D38F9439}.Release|Any CPU.Build.0 = Release|Any CPU
		{2C74FACB-1D71-4F89-B9BB-2C46C46BBDF8}.Debug|Any CPU.ActiveCfg = Debug|Any CPU
		{2C74FACB-1D71-4F89-B9BB-2C46C46BBDF8}.Debug|Any CPU.Build.0 = Debug|Any CPU
		{2C74FACB-1D71-4F89-B9BB-2C46C46BBDF8}.Release|Any CPU.ActiveCfg = Release|Any CPU
		{2C74FACB-1D71-4F89-B9BB-2C46C46BBDF8}.Release|Any CPU.Build.0 = Release|Any CPU
		{A6AA12C1-FE00-45A7-A5E3-8792A0857A6F}.Debug|Any CPU.ActiveCfg = Debug|Any CPU
		{A6AA12C1-FE00-45A7-A5E3-8792A0857A6F}.Debug|Any CPU.Build.0 = Debug|Any CPU
		{A6AA12C1-FE00-45A7-A5E3-8792A0857A6F}.Release|Any CPU.ActiveCfg = Release|Any CPU
		{A6AA12C1-FE00-45A7-A5E3-8792A0857A6F}.Release|Any CPU.Build.0 = Release|Any CPU
		{0F2C279C-531D-4D0A-BDB8-D40364F5E550}.Debug|Any CPU.ActiveCfg = Debug|Any CPU
		{0F2C279C-531D-4D0A-BDB8-D40364F5E550}.Debug|Any CPU.Build.0 = Debug|Any CPU
		{0F2C279C-531D-4D0A-BDB8-D40364F5E550}.Release|Any CPU.ActiveCfg = Release|Any CPU
		{0F2C279C-531D-4D0A-BDB8-D40364F5E550}.Release|Any CPU.Build.0 = Release|Any CPU
		{28C049D0-0BE7-4D9D-B4DE-4E4AB9A41276}.Debug|Any CPU.ActiveCfg = Debug|Any CPU
		{28C049D0-0BE7-4D9D-B4DE-4E4AB9A41276}.Debug|Any CPU.Build.0 = Debug|Any CPU
		{28C049D0-0BE7-4D9D-B4DE-4E4AB9A41276}.Release|Any CPU.ActiveCfg = Release|Any CPU
		{28C049D0-0BE7-4D9D-B4DE-4E4AB9A41276}.Release|Any CPU.Build.0 = Release|Any CPU
	EndGlobalSection
	GlobalSection(SolutionProperties) = preSolution
		HideSolutionNode = FALSE
	EndGlobalSection
	GlobalSection(NestedProjects) = preSolution
		{252AE503-45A2-4789-8CF1-E747D38F9439} = {1AFD63B1-533E-4E2D-9E56-C76524C2F4BE}
		{A2A8109D-4B6B-412F-95AE-74B5F2DB8377} = {1AFD63B1-533E-4E2D-9E56-C76524C2F4BE}
		{2C74FACB-1D71-4F89-B9BB-2C46C46BBDF8} = {A2A8109D-4B6B-412F-95AE-74B5F2DB8377}
		{A6AA12C1-FE00-45A7-A5E3-8792A0857A6F} = {A2A8109D-4B6B-412F-95AE-74B5F2DB8377}
		{DD328372-BF6F-413C-AE5B-4D85E73116F8} = {1AFD63B1-533E-4E2D-9E56-C76524C2F4BE}
		{0F2C279C-531D-4D0A-BDB8-D40364F5E550} = {DD328372-BF6F-413C-AE5B-4D85E73116F8}
		{28C049D0-0BE7-4D9D-B4DE-4E4AB9A41276} = {DD328372-BF6F-413C-AE5B-4D85E73116F8}
	EndGlobalSection
	GlobalSection(ExtensibilityGlobals) = postSolution
		SolutionGuid = {54B9C490-F7BC-4709-B590-C38FD077004B}
	EndGlobalSection
EndGlobal
